
Microsoft Visual Studio Solution File, Format Version 12.00
# Visual Studio 15
VisualStudioVersion = 15.0.28307.421
MinimumVisualStudioVersion = 10.0.40219.1
Project("{8BC9CEB8-8B4A-11D0-8D11-00A0C91BC942}") = "Project1", "Project1\Project1.vcxproj", "{B5D065CD-898E-40F8-90D3-87CB1AC87CB9}"
EndProject
Global
	GlobalSection(SolutionConfigurationPlatforms) = preSolution
		Debug|x64 = Debug|x64
		Debug|x86 = Debug|x86
		Release|x64 = Release|x64
		Release|x86 = Release|x86
	EndGlobalSection
	GlobalSection(ProjectConfigurationPlatforms) = postSolution
		{B5D065CD-898E-40F8-90D3-87CB1AC87CB9}.Debug|x64.ActiveCfg = Debug|x64
		{B5D065CD-898E-40F8-90D3-87CB1AC87CB9}.Debug|x64.Build.0 = Debug|x64
		{B5D065CD-898E-40F8-90D3-87CB1AC87CB9}.Debug|x86.ActiveCfg = Debug|Win32
		{B5D065CD-898E-40F8-90D3-87CB1AC87CB9}.Debug|x86.Build.0 = Debug|Win32
		{B5D065CD-898E-40F8-90D3-87CB1AC87CB9}.Release|x64.ActiveCfg = Release|x64
		{B5D065CD-898E-40F8-90D3-87CB1AC87CB9}.Release|x64.Build.0 = Release|x64
		{B5D065CD-898E-40F8-90D3-87CB1AC87CB9}.Release|x86.ActiveCfg = Release|Win32
		{B5D065CD-898E-40F8-90D3-87CB1AC87CB9}.Release|x86.Build.0 = Release|Win32
	EndGlobalSection
	GlobalSection(SolutionProperties) = preSolution
		HideSolutionNode = FALSE
	EndGlobalSection
	GlobalSection(ExtensibilityGlobals) = postSolution
		SolutionGuid = {CAC96488-8CBC-4E53-98DB-EF5E13E4DE25}
	EndGlobalSection
EndGlobal
