
Microsoft Visual Studio Solution File, Format Version 12.00
# Visual Studio 15
VisualStudioVersion = 15.0.28307.438
MinimumVisualStudioVersion = 10.0.40219.1
Project("{8BC9CEB8-8B4A-11D0-8D11-00A0C91BC942}") = "Slotz", "Slotz\Slotz.vcxproj", "{B15CB735-7824-4FBA-B464-719C16230DCA}"
EndProject
Global
	GlobalSection(SolutionConfigurationPlatforms) = preSolution
		Debug|x64 = Debug|x64
		Debug|x86 = Debug|x86
		Release|x64 = Release|x64
		Release|x86 = Release|x86
	EndGlobalSection
	GlobalSection(ProjectConfigurationPlatforms) = postSolution
		{B15CB735-7824-4FBA-B464-719C16230DCA}.Debug|x64.ActiveCfg = Debug|x64
		{B15CB735-7824-4FBA-B464-719C16230DCA}.Debug|x64.Build.0 = Debug|x64
		{B15CB735-7824-4FBA-B464-719C16230DCA}.Debug|x86.ActiveCfg = Debug|Win32
		{B15CB735-7824-4FBA-B464-719C16230DCA}.Debug|x86.Build.0 = Debug|Win32
		{B15CB735-7824-4FBA-B464-719C16230DCA}.Release|x64.ActiveCfg = Release|x64
		{B15CB735-7824-4FBA-B464-719C16230DCA}.Release|x64.Build.0 = Release|x64
		{B15CB735-7824-4FBA-B464-719C16230DCA}.Release|x86.ActiveCfg = Release|Win32
		{B15CB735-7824-4FBA-B464-719C16230DCA}.Release|x86.Build.0 = Release|Win32
	EndGlobalSection
	GlobalSection(SolutionProperties) = preSolution
		HideSolutionNode = FALSE
	EndGlobalSection
	GlobalSection(ExtensibilityGlobals) = postSolution
		SolutionGuid = {AB191494-F2A4-4EBF-ACD5-06CC3DCAA861}
	EndGlobalSection
EndGlobal
